// !$*UTF8*$!
{
	archiveVersion = 1;
	classes = {
	};
	objectVersion = 46;
	objects = {

/* Begin PBXBuildFile section */
		008EFCDE1B9D3A7200045700 /* main.m in Sources */ = {isa = PBXBuildFile; fileRef = 008EFCDD1B9D3A7200045700 /* main.m */; };
		008EFCE11B9D3A7200045700 /* AppDelegate.m in Sources */ = {isa = PBXBuildFile; fileRef = 008EFCE01B9D3A7200045700 /* AppDelegate.m */; };
		008EFCE41B9D3A7200045700 /* MyMask.xcdatamodeld in Sources */ = {isa = PBXBuildFile; fileRef = 008EFCE21B9D3A7200045700 /* MyMask.xcdatamodeld */; };
		008EFCE71B9D3A7200045700 /* ViewController.m in Sources */ = {isa = PBXBuildFile; fileRef = 008EFCE61B9D3A7200045700 /* ViewController.m */; };
		008EFCEA1B9D3A7200045700 /* Main.storyboard in Resources */ = {isa = PBXBuildFile; fileRef = 008EFCE81B9D3A7200045700 /* Main.storyboard */; };
		008EFCEC1B9D3A7200045700 /* Images.xcassets in Resources */ = {isa = PBXBuildFile; fileRef = 008EFCEB1B9D3A7200045700 /* Images.xcassets */; };
		008EFCEF1B9D3A7200045700 /* LaunchScreen.xib in Resources */ = {isa = PBXBuildFile; fileRef = 008EFCED1B9D3A7200045700 /* LaunchScreen.xib */; };
		008EFCFB1B9D3A7200045700 /* MyMaskTests.m in Sources */ = {isa = PBXBuildFile; fileRef = 008EFCFA1B9D3A7200045700 /* MyMaskTests.m */; };
		008EFD061B9D3A9500045700 /* CircleBTN.m in Sources */ = {isa = PBXBuildFile; fileRef = 008EFD051B9D3A9500045700 /* CircleBTN.m */; };
		008EFD081B9D8F4C00045700 /* AddressBook.framework in Frameworks */ = {isa = PBXBuildFile; fileRef = 008EFD071B9D8F4C00045700 /* AddressBook.framework */; };
		008EFD0A1B9D920D00045700 /* AddressBookUI.framework in Frameworks */ = {isa = PBXBuildFile; fileRef = 008EFD091B9D920D00045700 /* AddressBookUI.framework */; };
/* End PBXBuildFile section */

/* Begin PBXContainerItemProxy section */
		008EFCF51B9D3A7200045700 /* PBXContainerItemProxy */ = {
			isa = PBXContainerItemProxy;
			containerPortal = 008EFCD01B9D3A7200045700 /* Project object */;
			proxyType = 1;
			remoteGlobalIDString = 008EFCD71B9D3A7200045700;
			remoteInfo = MyMask;
		};
/* End PBXContainerItemProxy section */

/* Begin PBXFileReference section */
		008EFCD81B9D3A7200045700 /* MyMask.app */ = {isa = PBXFileReference; explicitFileType = wrapper.application; includeInIndex = 0; path = MyMask.app; sourceTree = BUILT_PRODUCTS_DIR; };
		008EFCDC1B9D3A7200045700 /* Info.plist */ = {isa = PBXFileReference; lastKnownFileType = text.plist.xml; path = Info.plist; sourceTree = "<group>"; };
		008EFCDD1B9D3A7200045700 /* main.m */ = {isa = PBXFileReference; lastKnownFileType = sourcecode.c.objc; path = main.m; sourceTree = "<group>"; };
		008EFCDF1B9D3A7200045700 /* AppDelegate.h */ = {isa = PBXFileReference; lastKnownFileType = sourcecode.c.h; path = AppDelegate.h; sourceTree = "<group>"; };
		008EFCE01B9D3A7200045700 /* AppDelegate.m */ = {isa = PBXFileReference; lastKnownFileType = sourcecode.c.objc; path = AppDelegate.m; sourceTree = "<group>"; };
		008EFCE31B9D3A7200045700 /* MyMask.xcdatamodel */ = {isa = PBXFileReference; lastKnownFileType = wrapper.xcdatamodel; path = MyMask.xcdatamodel; sourceTree = "<group>"; };
		008EFCE51B9D3A7200045700 /* ViewController.h */ = {isa = PBXFileReference; lastKnownFileType = sourcecode.c.h; path = ViewController.h; sourceTree = "<group>"; };
		008EFCE61B9D3A7200045700 /* ViewController.m */ = {isa = PBXFileReference; lastKnownFileType = sourcecode.c.objc; path = ViewController.m; sourceTree = "<group>"; };
		008EFCE91B9D3A7200045700 /* Base */ = {isa = PBXFileReference; lastKnownFileType = file.storyboard; name = Base; path = Base.lproj/Main.storyboard; sourceTree = "<group>"; };
		008EFCEB1B9D3A7200045700 /* Images.xcassets */ = {isa = PBXFileReference; lastKnownFileType = folder.assetcatalog; path = Images.xcassets; sourceTree = "<group>"; };
		008EFCEE1B9D3A7200045700 /* Base */ = {isa = PBXFileReference; lastKnownFileType = file.xib; name = Base; path = Base.lproj/LaunchScreen.xib; sourceTree = "<group>"; };
		008EFCF41B9D3A7200045700 /* MyMaskTests.xctest */ = {isa = PBXFileReference; explicitFileType = wrapper.cfbundle; includeInIndex = 0; path = MyMaskTests.xctest; sourceTree = BUILT_PRODUCTS_DIR; };
		008EFCF91B9D3A7200045700 /* Info.plist */ = {isa = PBXFileReference; lastKnownFileType = text.plist.xml; path = Info.plist; sourceTree = "<group>"; };
		008EFCFA1B9D3A7200045700 /* MyMaskTests.m */ = {isa = PBXFileReference; lastKnownFileType = sourcecode.c.objc; path = MyMaskTests.m; sourceTree = "<group>"; };
		008EFD041B9D3A9500045700 /* CircleBTN.h */ = {isa = PBXFileReference; fileEncoding = 4; lastKnownFileType = sourcecode.c.h; path = CircleBTN.h; sourceTree = "<group>"; };
		008EFD051B9D3A9500045700 /* CircleBTN.m */ = {isa = PBXFileReference; fileEncoding = 4; lastKnownFileType = sourcecode.c.objc; path = CircleBTN.m; sourceTree = "<group>"; };
		008EFD071B9D8F4C00045700 /* AddressBook.framework */ = {isa = PBXFileReference; lastKnownFileType = wrapper.framework; name = AddressBook.framework; path = System/Library/Frameworks/AddressBook.framework; sourceTree = SDKROOT; };
		008EFD091B9D920D00045700 /* AddressBookUI.framework */ = {isa = PBXFileReference; lastKnownFileType = wrapper.framework; name = AddressBookUI.framework; path = System/Library/Frameworks/AddressBookUI.framework; sourceTree = SDKROOT; };
/* End PBXFileReference section */

/* Begin PBXFrameworksBuildPhase section */
		008EFCD51B9D3A7200045700 /* Frameworks */ = {
			isa = PBXFrameworksBuildPhase;
			buildActionMask = 2147483647;
			files = (
				008EFD0A1B9D920D00045700 /* AddressBookUI.framework in Frameworks */,
				008EFD081B9D8F4C00045700 /* AddressBook.framework in Frameworks */,
			);
			runOnlyForDeploymentPostprocessing = 0;
		};
		008EFCF11B9D3A7200045700 /* Frameworks */ = {
			isa = PBXFrameworksBuildPhase;
			buildActionMask = 2147483647;
			files = (
			);
			runOnlyForDeploymentPostprocessing = 0;
		};
/* End PBXFrameworksBuildPhase section */

/* Begin PBXGroup section */
		008EFCCF1B9D3A7200045700 = {
			isa = PBXGroup;
			children = (
				008EFD091B9D920D00045700 /* AddressBookUI.framework */,
				008EFD071B9D8F4C00045700 /* AddressBook.framework */,
				008EFCDA1B9D3A7200045700 /* MyMask */,
				008EFCF71B9D3A7200045700 /* MyMaskTests */,
				008EFCD91B9D3A7200045700 /* Products */,
			);
			sourceTree = "<group>";
		};
		008EFCD91B9D3A7200045700 /* Products */ = {
			isa = PBXGroup;
			children = (
				008EFCD81B9D3A7200045700 /* MyMask.app */,
				008EFCF41B9D3A7200045700 /* MyMaskTests.xctest */,
			);
			name = Products;
			sourceTree = "<group>";
		};
		008EFCDA1B9D3A7200045700 /* MyMask */ = {
			isa = PBXGroup;
			children = (
				008EFCDF1B9D3A7200045700 /* AppDelegate.h */,
				008EFCE01B9D3A7200045700 /* AppDelegate.m */,
				008EFCE51B9D3A7200045700 /* ViewController.h */,
				008EFCE61B9D3A7200045700 /* ViewController.m */,
				008EFD041B9D3A9500045700 /* CircleBTN.h */,
				008EFD051B9D3A9500045700 /* CircleBTN.m */,
				008EFCE81B9D3A7200045700 /* Main.storyboard */,
				008EFCEB1B9D3A7200045700 /* Images.xcassets */,
				008EFCED1B9D3A7200045700 /* LaunchScreen.xib */,
				008EFCE21B9D3A7200045700 /* MyMask.xcdatamodeld */,
				008EFCDB1B9D3A7200045700 /* Supporting Files */,
			);
			path = MyMask;
			sourceTree = "<group>";
		};
		008EFCDB1B9D3A7200045700 /* Supporting Files */ = {
			isa = PBXGroup;
			children = (
				008EFCDC1B9D3A7200045700 /* Info.plist */,
				008EFCDD1B9D3A7200045700 /* main.m */,
			);
			name = "Supporting Files";
			sourceTree = "<group>";
		};
		008EFCF71B9D3A7200045700 /* MyMaskTests */ = {
			isa = PBXGroup;
			children = (
				008EFCFA1B9D3A7200045700 /* MyMaskTests.m */,
				008EFCF81B9D3A7200045700 /* Supporting Files */,
			);
			path = MyMaskTests;
			sourceTree = "<group>";
		};
		008EFCF81B9D3A7200045700 /* Supporting Files */ = {
			isa = PBXGroup;
			children = (
				008EFCF91B9D3A7200045700 /* Info.plist */,
			);
			name = "Supporting Files";
			sourceTree = "<group>";
		};
/* End PBXGroup section */

/* Begin PBXNativeTarget section */
		008EFCD71B9D3A7200045700 /* MyMask */ = {
			isa = PBXNativeTarget;
			buildConfigurationList = 008EFCFE1B9D3A7200045700 /* Build configuration list for PBXNativeTarget "MyMask" */;
			buildPhases = (
				008EFCD41B9D3A7200045700 /* Sources */,
				008EFCD51B9D3A7200045700 /* Frameworks */,
				008EFCD61B9D3A7200045700 /* Resources */,
			);
			buildRules = (
			);
			dependencies = (
			);
			name = MyMask;
			productName = MyMask;
			productReference = 008EFCD81B9D3A7200045700 /* MyMask.app */;
			productType = "com.apple.product-type.application";
		};
		008EFCF31B9D3A7200045700 /* MyMaskTests */ = {
			isa = PBXNativeTarget;
			buildConfigurationList = 008EFD011B9D3A7200045700 /* Build configuration list for PBXNativeTarget "MyMaskTests" */;
			buildPhases = (
				008EFCF01B9D3A7200045700 /* Sources */,
				008EFCF11B9D3A7200045700 /* Frameworks */,
				008EFCF21B9D3A7200045700 /* Resources */,
			);
			buildRules = (
			);
			dependencies = (
				008EFCF61B9D3A7200045700 /* PBXTargetDependency */,
			);
			name = MyMaskTests;
			productName = MyMaskTests;
			productReference = 008EFCF41B9D3A7200045700 /* MyMaskTests.xctest */;
			productType = "com.apple.product-type.bundle.unit-test";
		};
/* End PBXNativeTarget section */

/* Begin PBXProject section */
		008EFCD01B9D3A7200045700 /* Project object */ = {
			isa = PBXProject;
			attributes = {
				LastUpgradeCheck = 0630;
				ORGANIZATIONNAME = chuchengpeng;
				TargetAttributes = {
					008EFCD71B9D3A7200045700 = {
						CreatedOnToolsVersion = 6.3.2;
					};
					008EFCF31B9D3A7200045700 = {
						CreatedOnToolsVersion = 6.3.2;
						TestTargetID = 008EFCD71B9D3A7200045700;
					};
				};
			};
			buildConfigurationList = 008EFCD31B9D3A7200045700 /* Build configuration list for PBXProject "MyMask" */;
			compatibilityVersion = "Xcode 3.2";
			developmentRegion = English;
			hasScannedForEncodings = 0;
			knownRegions = (
				en,
				Base,
			);
			mainGroup = 008EFCCF1B9D3A7200045700;
			productRefGroup = 008EFCD91B9D3A7200045700 /* Products */;
			projectDirPath = "";
			projectRoot = "";
			targets = (
				008EFCD71B9D3A7200045700 /* MyMask */,
				008EFCF31B9D3A7200045700 /* MyMaskTests */,
			);
		};
/* End PBXProject section */

/* Begin PBXResourcesBuildPhase section */
		008EFCD61B9D3A7200045700 /* Resources */ = {
			isa = PBXResourcesBuildPhase;
			buildActionMask = 2147483647;
			files = (
				008EFCEA1B9D3A7200045700 /* Main.storyboard in Resources */,
				008EFCEF1B9D3A7200045700 /* LaunchScreen.xib in Resources */,
				008EFCEC1B9D3A7200045700 /* Images.xcassets in Resources */,
			);
			runOnlyForDeploymentPostprocessing = 0;
		};
		008EFCF21B9D3A7200045700 /* Resources */ = {
			isa = PBXResourcesBuildPhase;
			buildActionMask = 2147483647;
			files = (
			);
			runOnlyForDeploymentPostprocessing = 0;
		};
/* End PBXResourcesBuildPhase section */

/* Begin PBXSourcesBuildPhase section */
		008EFCD41B9D3A7200045700 /* Sources */ = {
			isa = PBXSourcesBuildPhase;
			buildActionMask = 2147483647;
			files = (
				008EFCE11B9D3A7200045700 /* AppDelegate.m in Sources */,
				008EFCDE1B9D3A7200045700 /* main.m in Sources */,
				008EFD061B9D3A9500045700 /* CircleBTN.m in Sources */,
				008EFCE71B9D3A7200045700 /* ViewController.m in Sources */,
				008EFCE41B9D3A7200045700 /* MyMask.xcdatamodeld in Sources */,
			);
			runOnlyForDeploymentPostprocessing = 0;
		};
		008EFCF01B9D3A7200045700 /* Sources */ = {
			isa = PBXSourcesBuildPhase;
			buildActionMask = 2147483647;
			files = (
				008EFCFB1B9D3A7200045700 /* MyMaskTests.m in Sources */,
			);
			runOnlyForDeploymentPostprocessing = 0;
		};
/* End PBXSourcesBuildPhase section */

/* Begin PBXTargetDependency section */
		008EFCF61B9D3A7200045700 /* PBXTargetDependency */ = {
			isa = PBXTargetDependency;
			target = 008EFCD71B9D3A7200045700 /* MyMask */;
			targetProxy = 008EFCF51B9D3A7200045700 /* PBXContainerItemProxy */;
		};
/* End PBXTargetDependency section */

/* Begin PBXVariantGroup section */
		008EFCE81B9D3A7200045700 /* Main.storyboard */ = {
			isa = PBXVariantGroup;
			children = (
				008EFCE91B9D3A7200045700 /* Base */,
			);
			name = Main.storyboard;
			sourceTree = "<group>";
		};
		008EFCED1B9D3A7200045700 /* LaunchScreen.xib */ = {
			isa = PBXVariantGroup;
			children = (
				008EFCEE1B9D3A7200045700 /* Base */,
			);
			name = LaunchScreen.xib;
			sourceTree = "<group>";
		};
/* End PBXVariantGroup section */

/* Begin XCBuildConfiguration section */
		008EFCFC1B9D3A7200045700 /* Debug */ = {
			isa = XCBuildConfiguration;
			buildSettings = {
				ALWAYS_SEARCH_USER_PATHS = NO;
				CLANG_CXX_LANGUAGE_STANDARD = "gnu++0x";
				CLANG_CXX_LIBRARY = "libc++";
				CLANG_ENABLE_MODULES = YES;
				CLANG_ENABLE_OBJC_ARC = YES;
				CLANG_WARN_BOOL_CONVERSION = YES;
				CLANG_WARN_CONSTANT_CONVERSION = YES;
				CLANG_WARN_DIRECT_OBJC_ISA_USAGE = YES_ERROR;
				CLANG_WARN_EMPTY_BODY = YES;
				CLANG_WARN_ENUM_CONVERSION = YES;
				CLANG_WARN_INT_CONVERSION = YES;
				CLANG_WARN_OBJC_ROOT_CLASS = YES_ERROR;
				CLANG_WARN_UNREACHABLE_CODE = YES;
				CLANG_WARN__DUPLICATE_METHOD_MATCH = YES;
				"CODE_SIGN_IDENTITY[sdk=iphoneos*]" = "iPhone Developer";
				COPY_PHASE_STRIP = NO;
				DEBUG_INFORMATION_FORMAT = "dwarf-with-dsym";
				ENABLE_STRICT_OBJC_MSGSEND = YES;
				GCC_C_LANGUAGE_STANDARD = gnu99;
				GCC_DYNAMIC_NO_PIC = NO;
				GCC_NO_COMMON_BLOCKS = YES;
				GCC_OPTIMIZATION_LEVEL = 0;
				GCC_PREPROCESSOR_DEFINITIONS = (
					"DEBUG=1",
					"$(inherited)",
				);
				GCC_SYMBOLS_PRIVATE_EXTERN = NO;
				GCC_WARN_64_TO_32_BIT_CONVERSION = YES;
				GCC_WARN_ABOUT_RETURN_TYPE = YES_ERROR;
				GCC_WARN_UNDECLARED_SELECTOR = YES;
				GCC_WARN_UNINITIALIZED_AUTOS = YES_AGGRESSIVE;
				GCC_WARN_UNUSED_FUNCTION = YES;
				GCC_WARN_UNUSED_VARIABLE = YES;
				IPHONEOS_DEPLOYMENT_TARGET = 8.3;
				MTL_ENABLE_DEBUG_INFO = YES;
				ONLY_ACTIVE_ARCH = YES;
				SDKROOT = iphoneos;
			};
			name = Debug;
		};
		008EFCFD1B9D3A7200045700 /* Release */ = {
			isa = XCBuildConfiguration;
			buildSettings = {
				ALWAYS_SEARCH_USER_PATHS = NO;
				CLANG_CXX_LANGUAGE_STANDARD = "gnu++0x";
				CLANG_CXX_LIBRARY = "libc++";
				CLANG_ENABLE_MODULES = YES;
				CLANG_ENABLE_OBJC_ARC = YES;
				CLANG_WARN_BOOL_CONVERSION = YES;
				CLANG_WARN_CONSTANT_CONVERSION = YES;
				CLANG_WARN_DIRECT_OBJC_ISA_USAGE = YES_ERROR;
				CLANG_WARN_EMPTY_BODY = YES;
				CLANG_WARN_ENUM_CONVERSION = YES;
				CLANG_WARN_INT_CONVERSION = YES;
				CLANG_WARN_OBJC_ROOT_CLASS = YES_ERROR;
				CLANG_WARN_UNREACHABLE_CODE = YES;
				CLANG_WARN__DUPLICATE_METHOD_MATCH = YES;
				"CODE_SIGN_IDENTITY[sdk=iphoneos*]" = "iPhone Developer";
				COPY_PHASE_STRIP = NO;
				DEBUG_INFORMATION_FORMAT = "dwarf-with-dsym";
				ENABLE_NS_ASSERTIONS = NO;
				ENABLE_STRICT_OBJC_MSGSEND = YES;
				GCC_C_LANGUAGE_STANDARD = gnu99;
				GCC_NO_COMMON_BLOCKS = YES;
				GCC_WARN_64_TO_32_BIT_CONVERSION = YES;
				GCC_WARN_ABOUT_RETURN_TYPE = YES_ERROR;
				GCC_WARN_UNDECLARED_SELECTOR = YES;
				GCC_WARN_UNINITIALIZED_AUTOS = YES_AGGRESSIVE;
				GCC_WARN_UNUSED_FUNCTION = YES;
				GCC_WARN_UNUSED_VARIABLE = YES;
				IPHONEOS_DEPLOYMENT_TARGET = 8.3;
				MTL_ENABLE_DEBUG_INFO = NO;
				SDKROOT = iphoneos;
				VALIDATE_PRODUCT = YES;
			};
			name = Release;
		};
		008EFCFF1B9D3A7200045700 /* Debug */ = {
			isa = XCBuildConfiguration;
			buildSettings = {
				ASSETCATALOG_COMPILER_APPICON_NAME = AppIcon;
				CODE_SIGN_IDENTITY = "iPhone Developer: xiangyang li (DRQX5JH3WJ)";
				"CODE_SIGN_IDENTITY[sdk=iphoneos*]" = "iPhone Developer: xiangyang li (DRQX5JH3WJ)";
				INFOPLIST_FILE = MyMask/Info.plist;
				LD_RUNPATH_SEARCH_PATHS = "$(inherited) @executable_path/Frameworks";
				PRODUCT_NAME = "$(TARGET_NAME)";
				PROVISIONING_PROFILE = "bf7632b5-1186-4818-9197-5b87a8db11fb";
			};
			name = Debug;
		};
		008EFD001B9D3A7200045700 /* Release */ = {
			isa = XCBuildConfiguration;
			buildSettings = {
				ASSETCATALOG_COMPILER_APPICON_NAME = AppIcon;
				CODE_SIGN_IDENTITY = "iPhone Developer: xiangyang li (DRQX5JH3WJ)";
				"CODE_SIGN_IDENTITY[sdk=iphoneos*]" = "iPhone Developer: xiangyang li (DRQX5JH3WJ)";
				INFOPLIST_FILE = MyMask/Info.plist;
				LD_RUNPATH_SEARCH_PATHS = "$(inherited) @executable_path/Frameworks";
				PRODUCT_NAME = "$(TARGET_NAME)";
				PROVISIONING_PROFILE = "bf7632b5-1186-4818-9197-5b87a8db11fb";
			};
			name = Release;
		};
		008EFD021B9D3A7200045700 /* Debug */ = {
			isa = XCBuildConfiguration;
			buildSettings = {
				BUNDLE_LOADER = "$(TEST_HOST)";
				FRAMEWORK_SEARCH_PATHS = (
					"$(SDKROOT)/Developer/Library/Frameworks",
					"$(inherited)",
				);
				GCC_PREPROCESSOR_DEFINITIONS = (
					"DEBUG=1",
					"$(inherited)",
				);
				INFOPLIST_FILE = MyMaskTests/Info.plist;
				LD_RUNPATH_SEARCH_PATHS = "$(inherited) @executable_path/Frameworks @loader_path/Frameworks";
				PRODUCT_NAME = "$(TARGET_NAME)";
				TEST_HOST = "$(BUILT_PRODUCTS_DIR)/MyMask.app/MyMask";
			};
			name = Debug;
		};
		008EFD031B9D3A7200045700 /* Release */ = {
			isa = XCBuildConfiguration;
			buildSettings = {
				BUNDLE_LOADER = "$(TEST_HOST)";
				FRAMEWORK_SEARCH_PATHS = (
					"$(SDKROOT)/Developer/Library/Frameworks",
					"$(inherited)",
				);
				INFOPLIST_FILE = MyMaskTests/Info.plist;
				LD_RUNPATH_SEARCH_PATHS = "$(inherited) @executable_path/Frameworks @loader_path/Frameworks";
				PRODUCT_NAME = "$(TARGET_NAME)";
				TEST_HOST = "$(BUILT_PRODUCTS_DIR)/MyMask.app/MyMask";
			};
			name = Release;
		};
/* End XCBuildConfiguration section */

/* Begin XCConfigurationList section */
		008EFCD31B9D3A7200045700 /* Build configuration list for PBXProject "MyMask" */ = {
			isa = XCConfigurationList;
			buildConfigurations = (
				008EFCFC1B9D3A7200045700 /* Debug */,
				008EFCFD1B9D3A7200045700 /* Release */,
			);
			defaultConfigurationIsVisible = 0;
			defaultConfigurationName = Release;
		};
		008EFCFE1B9D3A7200045700 /* Build configuration list for PBXNativeTarget "MyMask" */ = {
			isa = XCConfigurationList;
			buildConfigurations = (
				008EFCFF1B9D3A7200045700 /* Debug */,
				008EFD001B9D3A7200045700 /* Release */,
			);
			defaultConfigurationIsVisible = 0;
			defaultConfigurationName = Release;
		};
		008EFD011B9D3A7200045700 /* Build configuration list for PBXNativeTarget "MyMaskTests" */ = {
			isa = XCConfigurationList;
			buildConfigurations = (
				008EFD021B9D3A7200045700 /* Debug */,
				008EFD031B9D3A7200045700 /* Release */,
			);
			defaultConfigurationIsVisible = 0;
			defaultConfigurationName = Release;
		};
/* End XCConfigurationList section */

/* Begin XCVersionGroup section */
		008EFCE21B9D3A7200045700 /* MyMask.xcdatamodeld */ = {
			isa = XCVersionGroup;
			children = (
				008EFCE31B9D3A7200045700 /* MyMask.xcdatamodel */,
			);
			currentVersion = 008EFCE31B9D3A7200045700 /* MyMask.xcdatamodel */;
			path = MyMask.xcdatamodeld;
			sourceTree = "<group>";
			versionGroupType = wrapper.xcdatamodel;
		};
/* End XCVersionGroup section */
	};
	rootObject = 008EFCD01B9D3A7200045700 /* Project object */;
}
